// !$*UTF8*$!
{
	archiveVersion = 1;
	classes = {
	};
	objectVersion = 51;
	objects = {

/* Begin PBXBuildFile section */
		963314902359D9880030CA95 /* Weather.swift in Sources */ = {isa = PBXBuildFile; fileRef = 9633148F2359D9880030CA95 /* Weather.swift */; };
		9689D37348654A71CA287F3F /* Pods_Weather.framework in Frameworks */ = {isa = PBXBuildFile; fileRef = 7FD16DB8BCACDD0FE8E1D97E /* Pods_Weather.framework */; };
		96E915F02359B875001E0553 /* AppDelegate.swift in Sources */ = {isa = PBXBuildFile; fileRef = 96E915EF2359B875001E0553 /* AppDelegate.swift */; };
		96E915F22359B875001E0553 /* SceneDelegate.swift in Sources */ = {isa = PBXBuildFile; fileRef = 96E915F12359B875001E0553 /* SceneDelegate.swift */; };
		96E915F42359B875001E0553 /* MainPageController.swift in Sources */ = {isa = PBXBuildFile; fileRef = 96E915F32359B875001E0553 /* MainPageController.swift */; };
		96E915F72359B875001E0553 /* Main.storyboard in Resources */ = {isa = PBXBuildFile; fileRef = 96E915F52359B875001E0553 /* Main.storyboard */; };
		96E915F92359B876001E0553 /* Assets.xcassets in Resources */ = {isa = PBXBuildFile; fileRef = 96E915F82359B876001E0553 /* Assets.xcassets */; };
		96E915FC2359B876001E0553 /* LaunchScreen.storyboard in Resources */ = {isa = PBXBuildFile; fileRef = 96E915FA2359B876001E0553 /* LaunchScreen.storyboard */; };
		96F38EAB235C5E12006BDD33 /* SearchPageController.swift in Sources */ = {isa = PBXBuildFile; fileRef = 96F38EAA235C5E12006BDD33 /* SearchPageController.swift */; };
/* End PBXBuildFile section */

/* Begin PBXFileReference section */
		5372FF74FF412CFA6FF3CCA1 /* Pods-Weather.release.xcconfig */ = {isa = PBXFileReference; includeInIndex = 1; lastKnownFileType = text.xcconfig; name = "Pods-Weather.release.xcconfig"; path = "Pods/Target Support Files/Pods-Weather/Pods-Weather.release.xcconfig"; sourceTree = "<group>"; };
		7FD16DB8BCACDD0FE8E1D97E /* Pods_Weather.framework */ = {isa = PBXFileReference; explicitFileType = wrapper.framework; includeInIndex = 0; path = Pods_Weather.framework; sourceTree = BUILT_PRODUCTS_DIR; };
		9633148F2359D9880030CA95 /* Weather.swift */ = {isa = PBXFileReference; lastKnownFileType = sourcecode.swift; path = Weather.swift; sourceTree = "<group>"; };
		96E915EC2359B875001E0553 /* Weather.app */ = {isa = PBXFileReference; explicitFileType = wrapper.application; includeInIndex = 0; path = Weather.app; sourceTree = BUILT_PRODUCTS_DIR; };
		96E915EF2359B875001E0553 /* AppDelegate.swift */ = {isa = PBXFileReference; lastKnownFileType = sourcecode.swift; path = AppDelegate.swift; sourceTree = "<group>"; };
		96E915F12359B875001E0553 /* SceneDelegate.swift */ = {isa = PBXFileReference; lastKnownFileType = sourcecode.swift; path = SceneDelegate.swift; sourceTree = "<group>"; };
		96E915F32359B875001E0553 /* MainPageController.swift */ = {isa = PBXFileReference; lastKnownFileType = sourcecode.swift; path = MainPageController.swift; sourceTree = "<group>"; };
		96E915F62359B875001E0553 /* Base */ = {isa = PBXFileReference; lastKnownFileType = file.storyboard; name = Base; path = Base.lproj/Main.storyboard; sourceTree = "<group>"; };
		96E915F82359B876001E0553 /* Assets.xcassets */ = {isa = PBXFileReference; lastKnownFileType = folder.assetcatalog; path = Assets.xcassets; sourceTree = "<group>"; };
		96E915FB2359B876001E0553 /* Base */ = {isa = PBXFileReference; lastKnownFileType = file.storyboard; name = Base; path = Base.lproj/LaunchScreen.storyboard; sourceTree = "<group>"; };
		96E915FD2359B876001E0553 /* Info.plist */ = {isa = PBXFileReference; lastKnownFileType = text.plist.xml; path = Info.plist; sourceTree = "<group>"; };
		96F38EAA235C5E12006BDD33 /* SearchPageController.swift */ = {isa = PBXFileReference; lastKnownFileType = sourcecode.swift; path = SearchPageController.swift; sourceTree = "<group>"; };
		BD7DDB50E74F5D687D0B11C4 /* Pods-Weather.debug.xcconfig */ = {isa = PBXFileReference; includeInIndex = 1; lastKnownFileType = text.xcconfig; name = "Pods-Weather.debug.xcconfig"; path = "Pods/Target Support Files/Pods-Weather/Pods-Weather.debug.xcconfig"; sourceTree = "<group>"; };
/* End PBXFileReference section */

/* Begin PBXFrameworksBuildPhase section */
		96E915E92359B875001E0553 /* Frameworks */ = {
			isa = PBXFrameworksBuildPhase;
			buildActionMask = 2147483647;
			files = (
				9689D37348654A71CA287F3F /* Pods_Weather.framework in Frameworks */,
			);
			runOnlyForDeploymentPostprocessing = 0;
		};
/* End PBXFrameworksBuildPhase section */

/* Begin PBXGroup section */
		109E623A20B9C72DC49824BB /* Pods */ = {
			isa = PBXGroup;
			children = (
				BD7DDB50E74F5D687D0B11C4 /* Pods-Weather.debug.xcconfig */,
				5372FF74FF412CFA6FF3CCA1 /* Pods-Weather.release.xcconfig */,
			);
			name = Pods;
			sourceTree = "<group>";
		};
		9633148B2359D9010030CA95 /* Controller */ = {
			isa = PBXGroup;
			children = (
				96E915EF2359B875001E0553 /* AppDelegate.swift */,
				96E915F12359B875001E0553 /* SceneDelegate.swift */,
				96E915F32359B875001E0553 /* MainPageController.swift */,
				96F38EAA235C5E12006BDD33 /* SearchPageController.swift */,
			);
			name = Controller;
			sourceTree = "<group>";
		};
		9633148D2359D9490030CA95 /* View */ = {
			isa = PBXGroup;
			children = (
				96E915F52359B875001E0553 /* Main.storyboard */,
				96E915FA2359B876001E0553 /* LaunchScreen.storyboard */,
			);
			name = View;
			sourceTree = "<group>";
		};
		9633148E2359D96B0030CA95 /* Model */ = {
			isa = PBXGroup;
			children = (
				9633148F2359D9880030CA95 /* Weather.swift */,
			);
			name = Model;
			sourceTree = "<group>";
		};
		96E915E32359B875001E0553 = {
			isa = PBXGroup;
			children = (
				96E915EE2359B875001E0553 /* Weather */,
				96E915ED2359B875001E0553 /* Products */,
				109E623A20B9C72DC49824BB /* Pods */,
				CF3349B6F48E57B46E445570 /* Frameworks */,
			);
			sourceTree = "<group>";
		};
		96E915ED2359B875001E0553 /* Products */ = {
			isa = PBXGroup;
			children = (
				96E915EC2359B875001E0553 /* Weather.app */,
			);
			name = Products;
			sourceTree = "<group>";
		};
		96E915EE2359B875001E0553 /* Weather */ = {
			isa = PBXGroup;
			children = (
				9633148E2359D96B0030CA95 /* Model */,
				9633148B2359D9010030CA95 /* Controller */,
				9633148D2359D9490030CA95 /* View */,
				96E915F82359B876001E0553 /* Assets.xcassets */,
				96E915FD2359B876001E0553 /* Info.plist */,
			);
			path = Weather;
			sourceTree = "<group>";
		};
		CF3349B6F48E57B46E445570 /* Frameworks */ = {
			isa = PBXGroup;
			children = (
				7FD16DB8BCACDD0FE8E1D97E /* Pods_Weather.framework */,
			);
			name = Frameworks;
			sourceTree = "<group>";
		};
/* End PBXGroup section */

/* Begin PBXNativeTarget section */
		96E915EB2359B875001E0553 /* Weather */ = {
			isa = PBXNativeTarget;
			buildConfigurationList = 96E916002359B876001E0553 /* Build configuration list for PBXNativeTarget "Weather" */;
			buildPhases = (
				78E2944987A032F10C0096E5 /* [CP] Check Pods Manifest.lock */,
				96E915E82359B875001E0553 /* Sources */,
				96E915E92359B875001E0553 /* Frameworks */,
				96E915EA2359B875001E0553 /* Resources */,
				3B01210482C6452AA660DEAF /* [CP] Embed Pods Frameworks */,
			);
			buildRules = (
			);
			dependencies = (
			);
			name = Weather;
			productName = Weather;
			productReference = 96E915EC2359B875001E0553 /* Weather.app */;
			productType = "com.apple.product-type.application";
		};
/* End PBXNativeTarget section */

/* Begin PBXProject section */
		96E915E42359B875001E0553 /* Project object */ = {
			isa = PBXProject;
			attributes = {
				LastSwiftUpdateCheck = 1110;
				LastUpgradeCheck = 1110;
				ORGANIZATIONNAME = Licardo;
				TargetAttributes = {
					96E915EB2359B875001E0553 = {
						CreatedOnToolsVersion = 11.1;
					};
				};
			};
			buildConfigurationList = 96E915E72359B875001E0553 /* Build configuration list for PBXProject "Weather" */;
			compatibilityVersion = "Xcode 9.3";
			developmentRegion = en;
			hasScannedForEncodings = 0;
			knownRegions = (
				en,
				Base,
			);
			mainGroup = 96E915E32359B875001E0553;
			productRefGroup = 96E915ED2359B875001E0553 /* Products */;
			projectDirPath = "";
			projectRoot = "";
			targets = (
				96E915EB2359B875001E0553 /* Weather */,
			);
		};
/* End PBXProject section */

/* Begin PBXResourcesBuildPhase section */
		96E915EA2359B875001E0553 /* Resources */ = {
			isa = PBXResourcesBuildPhase;
			buildActionMask = 2147483647;
			files = (
				96E915FC2359B876001E0553 /* LaunchScreen.storyboard in Resources */,
				96E915F92359B876001E0553 /* Assets.xcassets in Resources */,
				96E915F72359B875001E0553 /* Main.storyboard in Resources */,
			);
			runOnlyForDeploymentPostprocessing = 0;
		};
/* End PBXResourcesBuildPhase section */

/* Begin PBXShellScriptBuildPhase section */
		3B01210482C6452AA660DEAF /* [CP] Embed Pods Frameworks */ = {
			isa = PBXShellScriptBuildPhase;
			buildActionMask = 2147483647;
			files = (
			);
			inputFileListPaths = (
				"${PODS_ROOT}/Target Support Files/Pods-Weather/Pods-Weather-frameworks-${CONFIGURATION}-input-files.xcfilelist",
			);
			name = "[CP] Embed Pods Frameworks";
			outputFileListPaths = (
				"${PODS_ROOT}/Target Support Files/Pods-Weather/Pods-Weather-frameworks-${CONFIGURATION}-output-files.xcfilelist",
			);
			runOnlyForDeploymentPostprocessing = 0;
			shellPath = /bin/sh;
			shellScript = "\"${PODS_ROOT}/Target Support Files/Pods-Weather/Pods-Weather-frameworks.sh\"\n";
			showEnvVarsInLog = 0;
		};
		78E2944987A032F10C0096E5 /* [CP] Check Pods Manifest.lock */ = {
			isa = PBXShellScriptBuildPhase;
			buildActionMask = 2147483647;
			files = (
			);
			inputPaths = (
				"${PODS_PODFILE_DIR_PATH}/Podfile.lock",
				"${PODS_ROOT}/Manifest.lock",
			);
			name = "[CP] Check Pods Manifest.lock";
			outputPaths = (
				"$(DERIVED_FILE_DIR)/Pods-Weather-checkManifestLockResult.txt",
			);
			runOnlyForDeploymentPostprocessing = 0;
			shellPath = /bin/sh;
			shellScript = "diff \"${PODS_PODFILE_DIR_PATH}/Podfile.lock\" \"${PODS_ROOT}/Manifest.lock\" > /dev/null\nif [ $? != 0 ] ; then\n    # print error to STDERR\n    echo \"error: The sandbox is not in sync with the Podfile.lock. Run 'pod install' or update your CocoaPods installation.\" >&2\n    exit 1\nfi\n# This output is used by Xcode 'outputs' to avoid re-running this script phase.\necho \"SUCCESS\" > \"${SCRIPT_OUTPUT_FILE_0}\"\n";
			showEnvVarsInLog = 0;
		};
/* End PBXShellScriptBuildPhase section */

/* Begin PBXSourcesBuildPhase section */
		96E915E82359B875001E0553 /* Sources */ = {
			isa = PBXSourcesBuildPhase;
			buildActionMask = 2147483647;
			files = (
				963314902359D9880030CA95 /* Weather.swift in Sources */,
				96E915F42359B875001E0553 /* MainPageController.swift in Sources */,
				96F38EAB235C5E12006BDD33 /* SearchPageController.swift in Sources */,
				96E915F02359B875001E0553 /* AppDelegate.swift in Sources */,
				96E915F22359B875001E0553 /* SceneDelegate.swift in Sources */,
			);
			runOnlyForDeploymentPostprocessing = 0;
		};
/* End PBXSourcesBuildPhase section */

/* Begin PBXVariantGroup section */
		96E915F52359B875001E0553 /* Main.storyboard */ = {
			isa = PBXVariantGroup;
			children = (
				96E915F62359B875001E0553 /* Base */,
			);
			name = Main.storyboard;
			sourceTree = "<group>";
		};
		96E915FA2359B876001E0553 /* LaunchScreen.storyboard */ = {
			isa = PBXVariantGroup;
			children = (
				96E915FB2359B876001E0553 /* Base */,
			);
			name = LaunchScreen.storyboard;
			sourceTree = "<group>";
		};
/* End PBXVariantGroup section */

/* Begin XCBuildConfiguration section */
		96E915FE2359B876001E0553 /* Debug */ = {
			isa = XCBuildConfiguration;
			buildSettings = {
				ALWAYS_SEARCH_USER_PATHS = NO;
				CLANG_ANALYZER_NONNULL = YES;
				CLANG_ANALYZER_NUMBER_OBJECT_CONVERSION = YES_AGGRESSIVE;
				CLANG_CXX_LANGUAGE_STANDARD = "gnu++14";
				CLANG_CXX_LIBRARY = "libc++";
				CLANG_ENABLE_MODULES = YES;
				CLANG_ENABLE_OBJC_ARC = YES;
				CLANG_ENABLE_OBJC_WEAK = YES;
				CLANG_WARN_BLOCK_CAPTURE_AUTORELEASING = YES;
				CLANG_WARN_BOOL_CONVERSION = YES;
				CLANG_WARN_COMMA = YES;
				CLANG_WARN_CONSTANT_CONVERSION = YES;
				CLANG_WARN_DEPRECATED_OBJC_IMPLEMENTATIONS = YES;
				CLANG_WARN_DIRECT_OBJC_ISA_USAGE = YES_ERROR;
				CLANG_WARN_DOCUMENTATION_COMMENTS = YES;
				CLANG_WARN_EMPTY_BODY = YES;
				CLANG_WARN_ENUM_CONVERSION = YES;
				CLANG_WARN_INFINITE_RECURSION = YES;
				CLANG_WARN_INT_CONVERSION = YES;
				CLANG_WARN_NON_LITERAL_NULL_CONVERSION = YES;
				CLANG_WARN_OBJC_IMPLICIT_RETAIN_SELF = YES;
				CLANG_WARN_OBJC_LITERAL_CONVERSION = YES;
				CLANG_WARN_OBJC_ROOT_CLASS = YES_ERROR;
				CLANG_WARN_RANGE_LOOP_ANALYSIS = YES;
				CLANG_WARN_STRICT_PROTOTYPES = YES;
				CLANG_WARN_SUSPICIOUS_MOVE = YES;
				CLANG_WARN_UNGUARDED_AVAILABILITY = YES_AGGRESSIVE;
				CLANG_WARN_UNREACHABLE_CODE = YES;
				CLANG_WARN__DUPLICATE_METHOD_MATCH = YES;
				COPY_PHASE_STRIP = NO;
				DEBUG_INFORMATION_FORMAT = dwarf;
				ENABLE_STRICT_OBJC_MSGSEND = YES;
				ENABLE_TESTABILITY = YES;
				GCC_C_LANGUAGE_STANDARD = gnu11;
				GCC_DYNAMIC_NO_PIC = NO;
				GCC_NO_COMMON_BLOCKS = YES;
				GCC_OPTIMIZATION_LEVEL = 0;
				GCC_PREPROCESSOR_DEFINITIONS = (
					"DEBUG=1",
					"$(inherited)",
				);
				GCC_WARN_64_TO_32_BIT_CONVERSION = YES;
				GCC_WARN_ABOUT_RETURN_TYPE = YES_ERROR;
				GCC_WARN_UNDECLARED_SELECTOR = YES;
				GCC_WARN_UNINITIALIZED_AUTOS = YES_AGGRESSIVE;
				GCC_WARN_UNUSED_FUNCTION = YES;
				GCC_WARN_UNUSED_VARIABLE = YES;
				IPHONEOS_DEPLOYMENT_TARGET = 13.1;
				MTL_ENABLE_DEBUG_INFO = INCLUDE_SOURCE;
				MTL_FAST_MATH = YES;
				ONLY_ACTIVE_ARCH = YES;
				SDKROOT = iphoneos;
				SWIFT_ACTIVE_COMPILATION_CONDITIONS = DEBUG;
				SWIFT_OPTIMIZATION_LEVEL = "-Onone";
			};
			name = Debug;
		};
		96E915FF2359B876001E0553 /* Release */ = {
			isa = XCBuildConfiguration;
			buildSettings = {
				ALWAYS_SEARCH_USER_PATHS = NO;
				CLANG_ANALYZER_NONNULL = YES;
				CLANG_ANALYZER_NUMBER_OBJECT_CONVERSION = YES_AGGRESSIVE;
				CLANG_CXX_LANGUAGE_STANDARD = "gnu++14";
				CLANG_CXX_LIBRARY = "libc++";
				CLANG_ENABLE_MODULES = YES;
				CLANG_ENABLE_OBJC_ARC = YES;
				CLANG_ENABLE_OBJC_WEAK = YES;
				CLANG_WARN_BLOCK_CAPTURE_AUTORELEASING = YES;
				CLANG_WARN_BOOL_CONVERSION = YES;
				CLANG_WARN_COMMA = YES;
				CLANG_WARN_CONSTANT_CONVERSION = YES;
				CLANG_WARN_DEPRECATED_OBJC_IMPLEMENTATIONS = YES;
				CLANG_WARN_DIRECT_OBJC_ISA_USAGE = YES_ERROR;
				CLANG_WARN_DOCUMENTATION_COMMENTS = YES;
				CLANG_WARN_EMPTY_BODY = YES;
				CLANG_WARN_ENUM_CONVERSION = YES;
				CLANG_WARN_INFINITE_RECURSION = YES;
				CLANG_WARN_INT_CONVERSION = YES;
				CLANG_WARN_NON_LITERAL_NULL_CONVERSION = YES;
				CLANG_WARN_OBJC_IMPLICIT_RETAIN_SELF = YES;
				CLANG_WARN_OBJC_LITERAL_CONVERSION = YES;
				CLANG_WARN_OBJC_ROOT_CLASS = YES_ERROR;
				CLANG_WARN_RANGE_LOOP_ANALYSIS = YES;
				CLANG_WARN_STRICT_PROTOTYPES = YES;
				CLANG_WARN_SUSPICIOUS_MOVE = YES;
				CLANG_WARN_UNGUARDED_AVAILABILITY = YES_AGGRESSIVE;
				CLANG_WARN_UNREACHABLE_CODE = YES;
				CLANG_WARN__DUPLICATE_METHOD_MATCH = YES;
				COPY_PHASE_STRIP = NO;
				DEBUG_INFORMATION_FORMAT = "dwarf-with-dsym";
				ENABLE_NS_ASSERTIONS = NO;
				ENABLE_STRICT_OBJC_MSGSEND = YES;
				GCC_C_LANGUAGE_STANDARD = gnu11;
				GCC_NO_COMMON_BLOCKS = YES;
				GCC_WARN_64_TO_32_BIT_CONVERSION = YES;
				GCC_WARN_ABOUT_RETURN_TYPE = YES_ERROR;
				GCC_WARN_UNDECLARED_SELECTOR = YES;
				GCC_WARN_UNINITIALIZED_AUTOS = YES_AGGRESSIVE;
				GCC_WARN_UNUSED_FUNCTION = YES;
				GCC_WARN_UNUSED_VARIABLE = YES;
				IPHONEOS_DEPLOYMENT_TARGET = 13.1;
				MTL_ENABLE_DEBUG_INFO = NO;
				MTL_FAST_MATH = YES;
				SDKROOT = iphoneos;
				SWIFT_COMPILATION_MODE = wholemodule;
				SWIFT_OPTIMIZATION_LEVEL = "-O";
				VALIDATE_PRODUCT = YES;
			};
			name = Release;
		};
		96E916012359B876001E0553 /* Debug */ = {
			isa = XCBuildConfiguration;
			baseConfigurationReference = BD7DDB50E74F5D687D0B11C4 /* Pods-Weather.debug.xcconfig */;
			buildSettings = {
				ASSETCATALOG_COMPILER_APPICON_NAME = AppIcon;
				CODE_SIGN_STYLE = Automatic;
				DEVELOPMENT_TEAM = 2U23P5CPX2;
				INFOPLIST_FILE = Weather/Info.plist;
				LD_RUNPATH_SEARCH_PATHS = (
					"$(inherited)",
					"@executable_path/Frameworks",
				);
				PRODUCT_BUNDLE_IDENTIFIER = cn.licardo.Weather;
				PRODUCT_NAME = "$(TARGET_NAME)";
				SWIFT_VERSION = 5.0;
				TARGETED_DEVICE_FAMILY = "1,2";
			};
			name = Debug;
		};
		96E916022359B876001E0553 /* Release */ = {
			isa = XCBuildConfiguration;
			baseConfigurationReference = 5372FF74FF412CFA6FF3CCA1 /* Pods-Weather.release.xcconfig */;
			buildSettings = {
				ASSETCATALOG_COMPILER_APPICON_NAME = AppIcon;
				CODE_SIGN_STYLE = Automatic;
				DEVELOPMENT_TEAM = 2U23P5CPX2;
				INFOPLIST_FILE = Weather/Info.plist;
				LD_RUNPATH_SEARCH_PATHS = (
					"$(inherited)",
					"@executable_path/Frameworks",
				);
				PRODUCT_BUNDLE_IDENTIFIER = cn.licardo.Weather;
				PRODUCT_NAME = "$(TARGET_NAME)";
				SWIFT_VERSION = 5.0;
				TARGETED_DEVICE_FAMILY = "1,2";
			};
			name = Release;
		};
/* End XCBuildConfiguration section */

/* Begin XCConfigurationList section */
		96E915E72359B875001E0553 /* Build configuration list for PBXProject "Weather" */ = {
			isa = XCConfigurationList;
			buildConfigurations = (
				96E915FE2359B876001E0553 /* Debug */,
				96E915FF2359B876001E0553 /* Release */,
			);
			defaultConfigurationIsVisible = 0;
			defaultConfigurationName = Release;
		};
		96E916002359B876001E0553 /* Build configuration list for PBXNativeTarget "Weather" */ = {
			isa = XCConfigurationList;
			buildConfigurations = (
				96E916012359B876001E0553 /* Debug */,
				96E916022359B876001E0553 /* Release */,
			);
			defaultConfigurationIsVisible = 0;
			defaultConfigurationName = Release;
		};
/* End XCConfigurationList section */
	};
	rootObject = 96E915E42359B875001E0553 /* Project object */;
}
